
Microsoft Visual Studio Solution File, Format Version 12.00
# Visual Studio Version 17
VisualStudioVersion = 17.10.35122.118
MinimumVisualStudioVersion = 10.0.40219.1
Project("{FAE04EC0-301F-11D3-BF4B-00C04F79EFBC}") = "Database", "Database\Database.csproj", "{93C305BF-7225-492E-9FBA-D2DD9B0698DF}"
EndProject
Project("{FAE04EC0-301F-11D3-BF4B-00C04F79EFBC}") = "Utilities", "Utilities\Utilities.csproj", "{FA8FEE7C-58A5-458F-A7D5-509D9364159B}"
EndProject
Project("{FAE04EC0-301F-11D3-BF4B-00C04F79EFBC}") = "Api", "Api\Api.csproj", "{B3CFE8A6-2BA3-4CB2-893F-3F2B0FABB08F}"
EndProject
Global
	GlobalSection(SolutionConfigurationPlatforms) = preSolution
		Debug|Any CPU = Debug|Any CPU
		Release|Any CPU = Release|Any CPU
	EndGlobalSection
	GlobalSection(ProjectConfigurationPlatforms) = postSolution
		{93C305BF-7225-492E-9FBA-D2DD9B0698DF}.Debug|Any CPU.ActiveCfg = Debug|Any CPU
		{93C305BF-7225-492E-9FBA-D2DD9B0698DF}.Debug|Any CPU.Build.0 = Debug|Any CPU
		{93C305BF-7225-492E-9FBA-D2DD9B0698DF}.Release|Any CPU.ActiveCfg = Release|Any CPU
		{93C305BF-7225-492E-9FBA-D2DD9B0698DF}.Release|Any CPU.Build.0 = Release|Any CPU
		{FA8FEE7C-58A5-458F-A7D5-509D9364159B}.Debug|Any CPU.ActiveCfg = Debug|Any CPU
		{FA8FEE7C-58A5-458F-A7D5-509D9364159B}.Debug|Any CPU.Build.0 = Debug|Any CPU
		{FA8FEE7C-58A5-458F-A7D5-509D9364159B}.Release|Any CPU.ActiveCfg = Release|Any CPU
		{FA8FEE7C-58A5-458F-A7D5-509D9364159B}.Release|Any CPU.Build.0 = Release|Any CPU
		{B3CFE8A6-2BA3-4CB2-893F-3F2B0FABB08F}.Debug|Any CPU.ActiveCfg = Debug|Any CPU
		{B3CFE8A6-2BA3-4CB2-893F-3F2B0FABB08F}.Debug|Any CPU.Build.0 = Debug|Any CPU
		{B3CFE8A6-2BA3-4CB2-893F-3F2B0FABB08F}.Release|Any CPU.ActiveCfg = Release|Any CPU
		{B3CFE8A6-2BA3-4CB2-893F-3F2B0FABB08F}.Release|Any CPU.Build.0 = Release|Any CPU
	EndGlobalSection
	GlobalSection(SolutionProperties) = preSolution
		HideSolutionNode = FALSE
	EndGlobalSection
	GlobalSection(ExtensibilityGlobals) = postSolution
		SolutionGuid = {5EBDD59D-2E4D-45EB-BDEB-A5CE1CBC5440}
	EndGlobalSection
EndGlobal
